// !$*UTF8*$!
{
	archiveVersion = 1;
	classes = {
	};
	objectVersion = 46;
	objects = {

/* Begin PBXBuildFile section */
		555CDF8D1EB5BDE80014A143 /* AppDelegate.swift in Sources */ = {isa = PBXBuildFile; fileRef = 555CDF8C1EB5BDE80014A143 /* AppDelegate.swift */; };
		555CDF8F1EB5BDE80014A143 /* ViewController.swift in Sources */ = {isa = PBXBuildFile; fileRef = 555CDF8E1EB5BDE80014A143 /* ViewController.swift */; };
		555CDF921EB5BDE80014A143 /* Main.storyboard in Resources */ = {isa = PBXBuildFile; fileRef = 555CDF901EB5BDE80014A143 /* Main.storyboard */; };
		555CDF941EB5BDE80014A143 /* Assets.xcassets in Resources */ = {isa = PBXBuildFile; fileRef = 555CDF931EB5BDE80014A143 /* Assets.xcassets */; };
		555CDF971EB5BDE80014A143 /* LaunchScreen.storyboard in Resources */ = {isa = PBXBuildFile; fileRef = 555CDF951EB5BDE80014A143 /* LaunchScreen.storyboard */; };
/* End PBXBuildFile section */

/* Begin PBXFileReference section */
		555CDF891EB5BDE80014A143 /* DSDTCatalogSchedule.app */ = {isa = PBXFileReference; explicitFileType = wrapper.application; includeInIndex = 0; path = DSDTCatalogSchedule.app; sourceTree = BUILT_PRODUCTS_DIR; };
		555CDF8C1EB5BDE80014A143 /* AppDelegate.swift */ = {isa = PBXFileReference; lastKnownFileType = sourcecode.swift; path = AppDelegate.swift; sourceTree = "<group>"; };
		555CDF8E1EB5BDE80014A143 /* ViewController.swift */ = {isa = PBXFileReference; lastKnownFileType = sourcecode.swift; path = ViewController.swift; sourceTree = "<group>"; };
		555CDF911EB5BDE80014A143 /* Base */ = {isa = PBXFileReference; lastKnownFileType = file.storyboard; name = Base; path = Base.lproj/Main.storyboard; sourceTree = "<group>"; };
		555CDF931EB5BDE80014A143 /* Assets.xcassets */ = {isa = PBXFileReference; lastKnownFileType = folder.assetcatalog; path = Assets.xcassets; sourceTree = "<group>"; };
		555CDF961EB5BDE80014A143 /* Base */ = {isa = PBXFileReference; lastKnownFileType = file.storyboard; name = Base; path = Base.lproj/LaunchScreen.storyboard; sourceTree = "<group>"; };
		555CDF981EB5BDE80014A143 /* Info.plist */ = {isa = PBXFileReference; lastKnownFileType = text.plist.xml; path = Info.plist; sourceTree = "<group>"; };
/* End PBXFileReference section */

/* Begin PBXFrameworksBuildPhase section */
		555CDF861EB5BDE80014A143 /* Frameworks */ = {
			isa = PBXFrameworksBuildPhase;
			buildActionMask = 2147483647;
			files = (
			);
			runOnlyForDeploymentPostprocessing = 0;
		};
/* End PBXFrameworksBuildPhase section */

/* Begin PBXGroup section */
		555CDF801EB5BDE80014A143 = {
			isa = PBXGroup;
			children = (
				555CDF8B1EB5BDE80014A143 /* DSDTCatalogSchedule */,
				555CDF8A1EB5BDE80014A143 /* Products */,
			);
			sourceTree = "<group>";
		};
		555CDF8A1EB5BDE80014A143 /* Products */ = {
			isa = PBXGroup;
			children = (
				555CDF891EB5BDE80014A143 /* DSDTCatalogSchedule.app */,
			);
			name = Products;
			sourceTree = "<group>";
		};
		555CDF8B1EB5BDE80014A143 /* DSDTCatalogSchedule */ = {
			isa = PBXGroup;
			children = (
				555CDF8C1EB5BDE80014A143 /* AppDelegate.swift */,
				555CDF8E1EB5BDE80014A143 /* ViewController.swift */,
				555CDF901EB5BDE80014A143 /* Main.storyboard */,
				555CDF931EB5BDE80014A143 /* Assets.xcassets */,
				555CDF951EB5BDE80014A143 /* LaunchScreen.storyboard */,
				555CDF981EB5BDE80014A143 /* Info.plist */,
			);
			path = DSDTCatalogSchedule;
			sourceTree = "<group>";
		};
/* End PBXGroup section */

/* Begin PBXNativeTarget section */
		555CDF881EB5BDE80014A143 /* DSDTCatalogSchedule */ = {
			isa = PBXNativeTarget;
			buildConfigurationList = 555CDF9B1EB5BDE80014A143 /* Build configuration list for PBXNativeTarget "DSDTCatalogSchedule" */;
			buildPhases = (
				555CDF851EB5BDE80014A143 /* Sources */,
				555CDF861EB5BDE80014A143 /* Frameworks */,
				555CDF871EB5BDE80014A143 /* Resources */,
			);
			buildRules = (
			);
			dependencies = (
			);
			name = DSDTCatalogSchedule;
			productName = DSDTCatalogSchedule;
			productReference = 555CDF891EB5BDE80014A143 /* DSDTCatalogSchedule.app */;
			productType = "com.apple.product-type.application";
		};
/* End PBXNativeTarget section */

/* Begin PBXProject section */
		555CDF811EB5BDE80014A143 /* Project object */ = {
			isa = PBXProject;
			attributes = {
				LastSwiftUpdateCheck = 0830;
				LastUpgradeCheck = 0830;
				ORGANIZATIONNAME = Me;
				TargetAttributes = {
					555CDF881EB5BDE80014A143 = {
						CreatedOnToolsVersion = 8.3.2;
						ProvisioningStyle = Automatic;
					};
				};
			};
			buildConfigurationList = 555CDF841EB5BDE80014A143 /* Build configuration list for PBXProject "DSDTCatalogSchedule" */;
			compatibilityVersion = "Xcode 3.2";
			developmentRegion = English;
			hasScannedForEncodings = 0;
			knownRegions = (
				en,
				Base,
			);
			mainGroup = 555CDF801EB5BDE80014A143;
			productRefGroup = 555CDF8A1EB5BDE80014A143 /* Products */;
			projectDirPath = "";
			projectRoot = "";
			targets = (
				555CDF881EB5BDE80014A143 /* DSDTCatalogSchedule */,
			);
		};
/* End PBXProject section */

/* Begin PBXResourcesBuildPhase section */
		555CDF871EB5BDE80014A143 /* Resources */ = {
			isa = PBXResourcesBuildPhase;
			buildActionMask = 2147483647;
			files = (
				555CDF971EB5BDE80014A143 /* LaunchScreen.storyboard in Resources */,
				555CDF941EB5BDE80014A143 /* Assets.xcassets in Resources */,
				555CDF921EB5BDE80014A143 /* Main.storyboard in Resources */,
			);
			runOnlyForDeploymentPostprocessing = 0;
		};
/* End PBXResourcesBuildPhase section */

/* Begin PBXSourcesBuildPhase section */
		555CDF851EB5BDE80014A143 /* Sources */ = {
			isa = PBXSourcesBuildPhase;
			buildActionMask = 2147483647;
			files = (
				555CDF8F1EB5BDE80014A143 /* ViewController.swift in Sources */,
				555CDF8D1EB5BDE80014A143 /* AppDelegate.swift in Sources */,
			);
			runOnlyForDeploymentPostprocessing = 0;
		};
/* End PBXSourcesBuildPhase section */

/* Begin PBXVariantGroup section */
		555CDF901EB5BDE80014A143 /* Main.storyboard */ = {
			isa = PBXVariantGroup;
			children = (
				555CDF911EB5BDE80014A143 /* Base */,
			);
			name = Main.storyboard;
			sourceTree = "<group>";
		};
		555CDF951EB5BDE80014A143 /* LaunchScreen.storyboard */ = {
			isa = PBXVariantGroup;
			children = (
				555CDF961EB5BDE80014A143 /* Base */,
			);
			name = LaunchScreen.storyboard;
			sourceTree = "<group>";
		};
/* End PBXVariantGroup section */

/* Begin XCBuildConfiguration section */
		555CDF991EB5BDE80014A143 /* Debug */ = {
			isa = XCBuildConfiguration;
			buildSettings = {
				ALWAYS_SEARCH_USER_PATHS = NO;
				CLANG_ANALYZER_NONNULL = YES;
				CLANG_ANALYZER_NUMBER_OBJECT_CONVERSION = YES_AGGRESSIVE;
				CLANG_CXX_LANGUAGE_STANDARD = "gnu++0x";
				CLANG_CXX_LIBRARY = "libc++";
				CLANG_ENABLE_MODULES = YES;
				CLANG_ENABLE_OBJC_ARC = YES;
				CLANG_WARN_BOOL_CONVERSION = YES;
				CLANG_WARN_CONSTANT_CONVERSION = YES;
				CLANG_WARN_DIRECT_OBJC_ISA_USAGE = YES_ERROR;
				CLANG_WARN_DOCUMENTATION_COMMENTS = YES;
				CLANG_WARN_EMPTY_BODY = YES;
				CLANG_WARN_ENUM_CONVERSION = YES;
				CLANG_WARN_INFINITE_RECURSION = YES;
				CLANG_WARN_INT_CONVERSION = YES;
				CLANG_WARN_OBJC_ROOT_CLASS = YES_ERROR;
				CLANG_WARN_SUSPICIOUS_MOVE = YES;
				CLANG_WARN_UNREACHABLE_CODE = YES;
				CLANG_WARN__DUPLICATE_METHOD_MATCH = YES;
				"CODE_SIGN_IDENTITY[sdk=iphoneos*]" = "iPhone Developer";
				COPY_PHASE_STRIP = NO;
				DEBUG_INFORMATION_FORMAT = dwarf;
				ENABLE_STRICT_OBJC_MSGSEND = YES;
				ENABLE_TESTABILITY = YES;
				GCC_C_LANGUAGE_STANDARD = gnu99;
				GCC_DYNAMIC_NO_PIC = NO;
				GCC_NO_COMMON_BLOCKS = YES;
				GCC_OPTIMIZATION_LEVEL = 0;
				GCC_PREPROCESSOR_DEFINITIONS = (
					"DEBUG=1",
					"$(inherited)",
				);
				GCC_WARN_64_TO_32_BIT_CONVERSION = YES;
				GCC_WARN_ABOUT_RETURN_TYPE = YES_ERROR;
				GCC_WARN_UNDECLARED_SELECTOR = YES;
				GCC_WARN_UNINITIALIZED_AUTOS = YES_AGGRESSIVE;
				GCC_WARN_UNUSED_FUNCTION = YES;
				GCC_WARN_UNUSED_VARIABLE = YES;
				IPHONEOS_DEPLOYMENT_TARGET = 10.3;
				MTL_ENABLE_DEBUG_INFO = YES;
				ONLY_ACTIVE_ARCH = YES;
				SDKROOT = iphoneos;
				SWIFT_ACTIVE_COMPILATION_CONDITIONS = DEBUG;
				SWIFT_OPTIMIZATION_LEVEL = "-Onone";
				TARGETED_DEVICE_FAMILY = "1,2";
			};
			name = Debug;
		};
		555CDF9A1EB5BDE80014A143 /* Release */ = {
			isa = XCBuildConfiguration;
			buildSettings = {
				ALWAYS_SEARCH_USER_PATHS = NO;
				CLANG_ANALYZER_NONNULL = YES;
				CLANG_ANALYZER_NUMBER_OBJECT_CONVERSION = YES_AGGRESSIVE;
				CLANG_CXX_LANGUAGE_STANDARD = "gnu++0x";
				CLANG_CXX_LIBRARY = "libc++";
				CLANG_ENABLE_MODULES = YES;
				CLANG_ENABLE_OBJC_ARC = YES;
				CLANG_WARN_BOOL_CONVERSION = YES;
				CLANG_WARN_CONSTANT_CONVERSION = YES;
				CLANG_WARN_DIRECT_OBJC_ISA_USAGE = YES_ERROR;
				CLANG_WARN_DOCUMENTATION_COMMENTS = YES;
				CLANG_WARN_EMPTY_BODY = YES;
				CLANG_WARN_ENUM_CONVERSION = YES;
				CLANG_WARN_INFINITE_RECURSION = YES;
				CLANG_WARN_INT_CONVERSION = YES;
				CLANG_WARN_OBJC_ROOT_CLASS = YES_ERROR;
				CLANG_WARN_SUSPICIOUS_MOVE = YES;
				CLANG_WARN_UNREACHABLE_CODE = YES;
				CLANG_WARN__DUPLICATE_METHOD_MATCH = YES;
				"CODE_SIGN_IDENTITY[sdk=iphoneos*]" = "iPhone Developer";
				COPY_PHASE_STRIP = NO;
				DEBUG_INFORMATION_FORMAT = "dwarf-with-dsym";
				ENABLE_NS_ASSERTIONS = NO;
				ENABLE_STRICT_OBJC_MSGSEND = YES;
				GCC_C_LANGUAGE_STANDARD = gnu99;
				GCC_NO_COMMON_BLOCKS = YES;
				GCC_WARN_64_TO_32_BIT_CONVERSION = YES;
				GCC_WARN_ABOUT_RETURN_TYPE = YES_ERROR;
				GCC_WARN_UNDECLARED_SELECTOR = YES;
				GCC_WARN_UNINITIALIZED_AUTOS = YES_AGGRESSIVE;
				GCC_WARN_UNUSED_FUNCTION = YES;
				GCC_WARN_UNUSED_VARIABLE = YES;
				IPHONEOS_DEPLOYMENT_TARGET = 10.3;
				MTL_ENABLE_DEBUG_INFO = NO;
				SDKROOT = iphoneos;
				SWIFT_OPTIMIZATION_LEVEL = "-Owholemodule";
				TARGETED_DEVICE_FAMILY = "1,2";
				VALIDATE_PRODUCT = YES;
			};
			name = Release;
		};
		555CDF9C1EB5BDE80014A143 /* Debug */ = {
			isa = XCBuildConfiguration;
			buildSettings = {
				ASSETCATALOG_COMPILER_APPICON_NAME = AppIcon;
				INFOPLIST_FILE = DSDTCatalogSchedule/Info.plist;
				LD_RUNPATH_SEARCH_PATHS = "$(inherited) @executable_path/Frameworks";
				PRODUCT_BUNDLE_IDENTIFIER = ME.DSDTCatalogSchedule;
				PRODUCT_NAME = "$(TARGET_NAME)";
				SWIFT_VERSION = 3.0;
			};
			name = Debug;
		};
		555CDF9D1EB5BDE80014A143 /* Release */ = {
			isa = XCBuildConfiguration;
			buildSettings = {
				ASSETCATALOG_COMPILER_APPICON_NAME = AppIcon;
				INFOPLIST_FILE = DSDTCatalogSchedule/Info.plist;
				LD_RUNPATH_SEARCH_PATHS = "$(inherited) @executable_path/Frameworks";
				PRODUCT_BUNDLE_IDENTIFIER = ME.DSDTCatalogSchedule;
				PRODUCT_NAME = "$(TARGET_NAME)";
				SWIFT_VERSION = 3.0;
			};
			name = Release;
		};
/* End XCBuildConfiguration section */

/* Begin XCConfigurationList section */
		555CDF841EB5BDE80014A143 /* Build configuration list for PBXProject "DSDTCatalogSchedule" */ = {
			isa = XCConfigurationList;
			buildConfigurations = (
				555CDF991EB5BDE80014A143 /* Debug */,
				555CDF9A1EB5BDE80014A143 /* Release */,
			);
			defaultConfigurationIsVisible = 0;
			defaultConfigurationName = Release;
		};
		555CDF9B1EB5BDE80014A143 /* Build configuration list for PBXNativeTarget "DSDTCatalogSchedule" */ = {
			isa = XCConfigurationList;
			buildConfigurations = (
				555CDF9C1EB5BDE80014A143 /* Debug */,
				555CDF9D1EB5BDE80014A143 /* Release */,
			);
			defaultConfigurationIsVisible = 0;
		};
/* End XCConfigurationList section */
	};
	rootObject = 555CDF811EB5BDE80014A143 /* Project object */;
}
